
Microsoft Visual Studio Solution File, Format Version 12.00
# Visual Studio Version 16
VisualStudioVersion = 16.0.31129.286
MinimumVisualStudioVersion = 10.0.40219.1
Project("{FAE04EC0-301F-11D3-BF4B-00C04F79EFBC}") = "P127.HW.21.02", "P127.HW.21.02\P127.HW.21.02.csproj", "{1AB96FAD-9634-47AB-8ACA-52D33BAFA10E}"
EndProject
Global
	GlobalSection(SolutionConfigurationPlatforms) = preSolution
		Debug|Any CPU = Debug|Any CPU
		Release|Any CPU = Release|Any CPU
	EndGlobalSection
	GlobalSection(ProjectConfigurationPlatforms) = postSolution
		{1AB96FAD-9634-47AB-8ACA-52D33BAFA10E}.Debug|Any CPU.ActiveCfg = Debug|Any CPU
		{1AB96FAD-9634-47AB-8ACA-52D33BAFA10E}.Debug|Any CPU.Build.0 = Debug|Any CPU
		{1AB96FAD-9634-47AB-8ACA-52D33BAFA10E}.Release|Any CPU.ActiveCfg = Release|Any CPU
		{1AB96FAD-9634-47AB-8ACA-52D33BAFA10E}.Release|Any CPU.Build.0 = Release|Any CPU
	EndGlobalSection
	GlobalSection(SolutionProperties) = preSolution
		HideSolutionNode = FALSE
	EndGlobalSection
	GlobalSection(ExtensibilityGlobals) = postSolution
		SolutionGuid = {8498C7AA-8F77-4CCA-9438-F36D2C82F1AC}
	EndGlobalSection
EndGlobal
